PODS:
  - CharactersLibrary (0.1.0)

DEPENDENCIES:
  - CharactersLibrary (from `CharactersLibrary`)

EXTERNAL SOURCES:
  CharactersLibrary:
    :path: CharactersLibrary

SPEC CHECKSUMS:
  CharactersLibrary: a4b2a6cf79c078e2d7866d59b10c3e5dc9d981ab

PODFILE CHECKSUM: 908f13506c2f2c81a9c375644ac8b7509594faf5

COCOAPODS: 1.11.3
