// !$*UTF8*$!
{
	archiveVersion = 1;
	classes = {
	};
	objectVersion = 55;
	objects = {

/* Begin PBXBuildFile section */
		2D095D1D6DE37E6D542C2ECB /* Pods_MainAppTests.framework in Frameworks */ = {isa = PBXBuildFile; fileRef = BB8CE5F217EE70B86563EC16 /* Pods_MainAppTests.framework */; };
		BFBA359DFF8964E19B72BD53 /* Pods_MainApp_MainAppUITests.framework in Frameworks */ = {isa = PBXBuildFile; fileRef = B0170F24A87437291328217A /* Pods_MainApp_MainAppUITests.framework */; };
		E30F7F8728115E9000951281 /* OnDemandViewController.swift in Sources */ = {isa = PBXBuildFile; fileRef = E30F7F8628115E8F00951281 /* OnDemandViewController.swift */; };
		E330D6F0281283AB005A60F4 /* ResourceManager.swift in Sources */ = {isa = PBXBuildFile; fileRef = E330D6EF281283AB005A60F4 /* ResourceManager.swift */; };
		E3DD00A1280FFDB600FD3AAB /* AppDelegate.swift in Sources */ = {isa = PBXBuildFile; fileRef = E3DD00A0280FFDB600FD3AAB /* AppDelegate.swift */; };
		E3DD00A3280FFDB600FD3AAB /* SceneDelegate.swift in Sources */ = {isa = PBXBuildFile; fileRef = E3DD00A2280FFDB600FD3AAB /* SceneDelegate.swift */; };
		E3DD00A5280FFDB600FD3AAB /* LocalViewController.swift in Sources */ = {isa = PBXBuildFile; fileRef = E3DD00A4280FFDB600FD3AAB /* LocalViewController.swift */; };
		E3DD00A8280FFDB600FD3AAB /* Main.storyboard in Resources */ = {isa = PBXBuildFile; fileRef = E3DD00A6280FFDB600FD3AAB /* Main.storyboard */; };
		E3DD00AA280FFDBE00FD3AAB /* Assets.xcassets in Resources */ = {isa = PBXBuildFile; fileRef = E3DD00A9280FFDBE00FD3AAB /* Assets.xcassets */; };
		E3DD00AD280FFDBE00FD3AAB /* LaunchScreen.storyboard in Resources */ = {isa = PBXBuildFile; fileRef = E3DD00AB280FFDBE00FD3AAB /* LaunchScreen.storyboard */; };
		E3DD00B8280FFDBE00FD3AAB /* MainAppTests.swift in Sources */ = {isa = PBXBuildFile; fileRef = E3DD00B7280FFDBE00FD3AAB /* MainAppTests.swift */; };
		E3DD00C2280FFDBE00FD3AAB /* MainAppUITests.swift in Sources */ = {isa = PBXBuildFile; fileRef = E3DD00C1280FFDBE00FD3AAB /* MainAppUITests.swift */; };
		E3DD00C4280FFDBE00FD3AAB /* MainAppUITestsLaunchTests.swift in Sources */ = {isa = PBXBuildFile; fileRef = E3DD00C3280FFDBE00FD3AAB /* MainAppUITestsLaunchTests.swift */; };
		E3DD058D281106E400FD3AAB /* Characters.xcassets in Resources */ = {isa = PBXBuildFile; fileRef = E3DD058C281106E400FD3AAB /* Characters.xcassets */; };
		E4F6E9211CD4403F63F664E6 /* Pods_MainApp.framework in Frameworks */ = {isa = PBXBuildFile; fileRef = ADC53004774B83D4851D2A24 /* Pods_MainApp.framework */; };
/* End PBXBuildFile section */

/* Begin PBXContainerItemProxy section */
		E3DD00B4280FFDBE00FD3AAB /* PBXContainerItemProxy */ = {
			isa = PBXContainerItemProxy;
			containerPortal = E3DD0095280FFDB600FD3AAB /* Project object */;
			proxyType = 1;
			remoteGlobalIDString = E3DD009C280FFDB600FD3AAB;
			remoteInfo = MainApp;
		};
		E3DD00BE280FFDBE00FD3AAB /* PBXContainerItemProxy */ = {
			isa = PBXContainerItemProxy;
			containerPortal = E3DD0095280FFDB600FD3AAB /* Project object */;
			proxyType = 1;
			remoteGlobalIDString = E3DD009C280FFDB600FD3AAB;
			remoteInfo = MainApp;
		};
/* End PBXContainerItemProxy section */

/* Begin PBXFileReference section */
		0BD5371D72456B9D528B2EC8 /* Pods-MainApp.release.xcconfig */ = {isa = PBXFileReference; includeInIndex = 1; lastKnownFileType = text.xcconfig; name = "Pods-MainApp.release.xcconfig"; path = "Target Support Files/Pods-MainApp/Pods-MainApp.release.xcconfig"; sourceTree = "<group>"; };
		44A0B39D6DB4CE9E5EFA0D69 /* Pods-MainAppTests.release.xcconfig */ = {isa = PBXFileReference; includeInIndex = 1; lastKnownFileType = text.xcconfig; name = "Pods-MainAppTests.release.xcconfig"; path = "Target Support Files/Pods-MainAppTests/Pods-MainAppTests.release.xcconfig"; sourceTree = "<group>"; };
		7452B1138154BD4F76CCE05C /* Pods-MainApp-MainAppUITests.release.xcconfig */ = {isa = PBXFileReference; includeInIndex = 1; lastKnownFileType = text.xcconfig; name = "Pods-MainApp-MainAppUITests.release.xcconfig"; path = "Target Support Files/Pods-MainApp-MainAppUITests/Pods-MainApp-MainAppUITests.release.xcconfig"; sourceTree = "<group>"; };
		8835D91F32577546D20A91CE /* Pods-MainApp-MainAppUITests.debug.xcconfig */ = {isa = PBXFileReference; includeInIndex = 1; lastKnownFileType = text.xcconfig; name = "Pods-MainApp-MainAppUITests.debug.xcconfig"; path = "Target Support Files/Pods-MainApp-MainAppUITests/Pods-MainApp-MainAppUITests.debug.xcconfig"; sourceTree = "<group>"; };
		98C755A738C83B27334989CB /* Pods-MainApp.debug.xcconfig */ = {isa = PBXFileReference; includeInIndex = 1; lastKnownFileType = text.xcconfig; name = "Pods-MainApp.debug.xcconfig"; path = "Target Support Files/Pods-MainApp/Pods-MainApp.debug.xcconfig"; sourceTree = "<group>"; };
		ADC53004774B83D4851D2A24 /* Pods_MainApp.framework */ = {isa = PBXFileReference; explicitFileType = wrapper.framework; includeInIndex = 0; path = Pods_MainApp.framework; sourceTree = BUILT_PRODUCTS_DIR; };
		B0170F24A87437291328217A /* Pods_MainApp_MainAppUITests.framework */ = {isa = PBXFileReference; explicitFileType = wrapper.framework; includeInIndex = 0; path = Pods_MainApp_MainAppUITests.framework; sourceTree = BUILT_PRODUCTS_DIR; };
		BB8CE5F217EE70B86563EC16 /* Pods_MainAppTests.framework */ = {isa = PBXFileReference; explicitFileType = wrapper.framework; includeInIndex = 0; path = Pods_MainAppTests.framework; sourceTree = BUILT_PRODUCTS_DIR; };
		C0C94792A859C4567684565B /* Pods-MainAppTests.debug.xcconfig */ = {isa = PBXFileReference; includeInIndex = 1; lastKnownFileType = text.xcconfig; name = "Pods-MainAppTests.debug.xcconfig"; path = "Target Support Files/Pods-MainAppTests/Pods-MainAppTests.debug.xcconfig"; sourceTree = "<group>"; };
		E30F7F8628115E8F00951281 /* OnDemandViewController.swift */ = {isa = PBXFileReference; lastKnownFileType = sourcecode.swift; path = OnDemandViewController.swift; sourceTree = "<group>"; };
		E330D6EF281283AB005A60F4 /* ResourceManager.swift */ = {isa = PBXFileReference; lastKnownFileType = sourcecode.swift; path = ResourceManager.swift; sourceTree = "<group>"; };
		E3DD009D280FFDB600FD3AAB /* MainApp.app */ = {isa = PBXFileReference; explicitFileType = wrapper.application; includeInIndex = 0; path = MainApp.app; sourceTree = BUILT_PRODUCTS_DIR; };
		E3DD00A0280FFDB600FD3AAB /* AppDelegate.swift */ = {isa = PBXFileReference; lastKnownFileType = sourcecode.swift; path = AppDelegate.swift; sourceTree = "<group>"; };
		E3DD00A2280FFDB600FD3AAB /* SceneDelegate.swift */ = {isa = PBXFileReference; lastKnownFileType = sourcecode.swift; path = SceneDelegate.swift; sourceTree = "<group>"; };
		E3DD00A4280FFDB600FD3AAB /* LocalViewController.swift */ = {isa = PBXFileReference; lastKnownFileType = sourcecode.swift; path = LocalViewController.swift; sourceTree = "<group>"; };
		E3DD00A7280FFDB600FD3AAB /* Base */ = {isa = PBXFileReference; lastKnownFileType = file.storyboard; name = Base; path = Base.lproj/Main.storyboard; sourceTree = "<group>"; };
		E3DD00A9280FFDBE00FD3AAB /* Assets.xcassets */ = {isa = PBXFileReference; lastKnownFileType = folder.assetcatalog; path = Assets.xcassets; sourceTree = "<group>"; };
		E3DD00AC280FFDBE00FD3AAB /* Base */ = {isa = PBXFileReference; lastKnownFileType = file.storyboard; name = Base; path = Base.lproj/LaunchScreen.storyboard; sourceTree = "<group>"; };
		E3DD00AE280FFDBE00FD3AAB /* Info.plist */ = {isa = PBXFileReference; lastKnownFileType = text.plist.xml; path = Info.plist; sourceTree = "<group>"; };
		E3DD00B3280FFDBE00FD3AAB /* MainAppTests.xctest */ = {isa = PBXFileReference; explicitFileType = wrapper.cfbundle; includeInIndex = 0; path = MainAppTests.xctest; sourceTree = BUILT_PRODUCTS_DIR; };
		E3DD00B7280FFDBE00FD3AAB /* MainAppTests.swift */ = {isa = PBXFileReference; lastKnownFileType = sourcecode.swift; path = MainAppTests.swift; sourceTree = "<group>"; };
		E3DD00BD280FFDBE00FD3AAB /* MainAppUITests.xctest */ = {isa = PBXFileReference; explicitFileType = wrapper.cfbundle; includeInIndex = 0; path = MainAppUITests.xctest; sourceTree = BUILT_PRODUCTS_DIR; };
		E3DD00C1280FFDBE00FD3AAB /* MainAppUITests.swift */ = {isa = PBXFileReference; lastKnownFileType = sourcecode.swift; path = MainAppUITests.swift; sourceTree = "<group>"; };
		E3DD00C3280FFDBE00FD3AAB /* MainAppUITestsLaunchTests.swift */ = {isa = PBXFileReference; lastKnownFileType = sourcecode.swift; path = MainAppUITestsLaunchTests.swift; sourceTree = "<group>"; };
		E3DD058C281106E400FD3AAB /* Characters.xcassets */ = {isa = PBXFileReference; lastKnownFileType = folder.assetcatalog; path = Characters.xcassets; sourceTree = "<group>"; };
/* End PBXFileReference section */

/* Begin PBXFrameworksBuildPhase section */
		E3DD009A280FFDB600FD3AAB /* Frameworks */ = {
			isa = PBXFrameworksBuildPhase;
			buildActionMask = 2147483647;
			files = (
				E4F6E9211CD4403F63F664E6 /* Pods_MainApp.framework in Frameworks */,
			);
			runOnlyForDeploymentPostprocessing = 0;
		};
		E3DD00B0280FFDBE00FD3AAB /* Frameworks */ = {
			isa = PBXFrameworksBuildPhase;
			buildActionMask = 2147483647;
			files = (
				2D095D1D6DE37E6D542C2ECB /* Pods_MainAppTests.framework in Frameworks */,
			);
			runOnlyForDeploymentPostprocessing = 0;
		};
		E3DD00BA280FFDBE00FD3AAB /* Frameworks */ = {
			isa = PBXFrameworksBuildPhase;
			buildActionMask = 2147483647;
			files = (
				BFBA359DFF8964E19B72BD53 /* Pods_MainApp_MainAppUITests.framework in Frameworks */,
			);
			runOnlyForDeploymentPostprocessing = 0;
		};
/* End PBXFrameworksBuildPhase section */

/* Begin PBXGroup section */
		396DE497F419C75AD885EADC /* Pods */ = {
			isa = PBXGroup;
			children = (
				98C755A738C83B27334989CB /* Pods-MainApp.debug.xcconfig */,
				0BD5371D72456B9D528B2EC8 /* Pods-MainApp.release.xcconfig */,
				8835D91F32577546D20A91CE /* Pods-MainApp-MainAppUITests.debug.xcconfig */,
				7452B1138154BD4F76CCE05C /* Pods-MainApp-MainAppUITests.release.xcconfig */,
				C0C94792A859C4567684565B /* Pods-MainAppTests.debug.xcconfig */,
				44A0B39D6DB4CE9E5EFA0D69 /* Pods-MainAppTests.release.xcconfig */,
			);
			path = Pods;
			sourceTree = "<group>";
		};
		E3DD0094280FFDB600FD3AAB = {
			isa = PBXGroup;
			children = (
				E3DD009F280FFDB600FD3AAB /* MainApp */,
				E3DD00B6280FFDBE00FD3AAB /* MainAppTests */,
				E3DD00C0280FFDBE00FD3AAB /* MainAppUITests */,
				E3DD009E280FFDB600FD3AAB /* Products */,
				396DE497F419C75AD885EADC /* Pods */,
				FA2DFD67C4836C2372AD8BFF /* Frameworks */,
			);
			sourceTree = "<group>";
		};
		E3DD009E280FFDB600FD3AAB /* Products */ = {
			isa = PBXGroup;
			children = (
				E3DD009D280FFDB600FD3AAB /* MainApp.app */,
				E3DD00B3280FFDBE00FD3AAB /* MainAppTests.xctest */,
				E3DD00BD280FFDBE00FD3AAB /* MainAppUITests.xctest */,
			);
			name = Products;
			sourceTree = "<group>";
		};
		E3DD009F280FFDB600FD3AAB /* MainApp */ = {
			isa = PBXGroup;
			children = (
				E3DD00A0280FFDB600FD3AAB /* AppDelegate.swift */,
				E3DD00A2280FFDB600FD3AAB /* SceneDelegate.swift */,
				E3DD00A4280FFDB600FD3AAB /* LocalViewController.swift */,
				E30F7F8628115E8F00951281 /* OnDemandViewController.swift */,
				E330D6EF281283AB005A60F4 /* ResourceManager.swift */,
				E3DD00A6280FFDB600FD3AAB /* Main.storyboard */,
				E3DD00A9280FFDBE00FD3AAB /* Assets.xcassets */,
				E3DD00AB280FFDBE00FD3AAB /* LaunchScreen.storyboard */,
				E3DD00AE280FFDBE00FD3AAB /* Info.plist */,
				E3DD058C281106E400FD3AAB /* Characters.xcassets */,
			);
			path = MainApp;
			sourceTree = "<group>";
		};
		E3DD00B6280FFDBE00FD3AAB /* MainAppTests */ = {
			isa = PBXGroup;
			children = (
				E3DD00B7280FFDBE00FD3AAB /* MainAppTests.swift */,
			);
			path = MainAppTests;
			sourceTree = "<group>";
		};
		E3DD00C0280FFDBE00FD3AAB /* MainAppUITests */ = {
			isa = PBXGroup;
			children = (
				E3DD00C1280FFDBE00FD3AAB /* MainAppUITests.swift */,
				E3DD00C3280FFDBE00FD3AAB /* MainAppUITestsLaunchTests.swift */,
			);
			path = MainAppUITests;
			sourceTree = "<group>";
		};
		FA2DFD67C4836C2372AD8BFF /* Frameworks */ = {
			isa = PBXGroup;
			children = (
				ADC53004774B83D4851D2A24 /* Pods_MainApp.framework */,
				B0170F24A87437291328217A /* Pods_MainApp_MainAppUITests.framework */,
				BB8CE5F217EE70B86563EC16 /* Pods_MainAppTests.framework */,
			);
			name = Frameworks;
			sourceTree = "<group>";
		};
/* End PBXGroup section */

/* Begin PBXNativeTarget section */
		E3DD009C280FFDB600FD3AAB /* MainApp */ = {
			isa = PBXNativeTarget;
			buildConfigurationList = E3DD00C7280FFDBE00FD3AAB /* Build configuration list for PBXNativeTarget "MainApp" */;
			buildPhases = (
				10BF9BAAEC754A32CECEF7D1 /* [CP] Check Pods Manifest.lock */,
				E3DD0099280FFDB600FD3AAB /* Sources */,
				E3DD009A280FFDB600FD3AAB /* Frameworks */,
				E3DD009B280FFDB600FD3AAB /* Resources */,
				CC1CA5D3E7063A42657D332A /* [CP] Embed Pods Frameworks */,
			);
			buildRules = (
			);
			dependencies = (
			);
			name = MainApp;
			productName = MainApp;
			productReference = E3DD009D280FFDB600FD3AAB /* MainApp.app */;
			productType = "com.apple.product-type.application";
		};
		E3DD00B2280FFDBE00FD3AAB /* MainAppTests */ = {
			isa = PBXNativeTarget;
			buildConfigurationList = E3DD00CA280FFDBE00FD3AAB /* Build configuration list for PBXNativeTarget "MainAppTests" */;
			buildPhases = (
				4DCE7B1C3EE855B30CF86BE3 /* [CP] Check Pods Manifest.lock */,
				E3DD00AF280FFDBE00FD3AAB /* Sources */,
				E3DD00B0280FFDBE00FD3AAB /* Frameworks */,
				E3DD00B1280FFDBE00FD3AAB /* Resources */,
			);
			buildRules = (
			);
			dependencies = (
				E3DD00B5280FFDBE00FD3AAB /* PBXTargetDependency */,
			);
			name = MainAppTests;
			productName = MainAppTests;
			productReference = E3DD00B3280FFDBE00FD3AAB /* MainAppTests.xctest */;
			productType = "com.apple.product-type.bundle.unit-test";
		};
		E3DD00BC280FFDBE00FD3AAB /* MainAppUITests */ = {
			isa = PBXNativeTarget;
			buildConfigurationList = E3DD00CD280FFDBE00FD3AAB /* Build configuration list for PBXNativeTarget "MainAppUITests" */;
			buildPhases = (
				C4F7F81EE2DC43578BACBECD /* [CP] Check Pods Manifest.lock */,
				E3DD00B9280FFDBE00FD3AAB /* Sources */,
				E3DD00BA280FFDBE00FD3AAB /* Frameworks */,
				E3DD00BB280FFDBE00FD3AAB /* Resources */,
				E8943D67A196B6FDC3D9FFFA /* [CP] Embed Pods Frameworks */,
			);
			buildRules = (
			);
			dependencies = (
				E3DD00BF280FFDBE00FD3AAB /* PBXTargetDependency */,
			);
			name = MainAppUITests;
			productName = MainAppUITests;
			productReference = E3DD00BD280FFDBE00FD3AAB /* MainAppUITests.xctest */;
			productType = "com.apple.product-type.bundle.ui-testing";
		};
/* End PBXNativeTarget section */

/* Begin PBXProject section */
		E3DD0095280FFDB600FD3AAB /* Project object */ = {
			isa = PBXProject;
			attributes = {
				BuildIndependentTargetsInParallel = 1;
				KnownAssetTags = (
					characters,
				);
				LastSwiftUpdateCheck = 1320;
				LastUpgradeCheck = 1320;
				TargetAttributes = {
					E3DD009C280FFDB600FD3AAB = {
						CreatedOnToolsVersion = 13.2.1;
					};
					E3DD00B2280FFDBE00FD3AAB = {
						CreatedOnToolsVersion = 13.2.1;
						TestTargetID = E3DD009C280FFDB600FD3AAB;
					};
					E3DD00BC280FFDBE00FD3AAB = {
						CreatedOnToolsVersion = 13.2.1;
						TestTargetID = E3DD009C280FFDB600FD3AAB;
					};
				};
			};
			buildConfigurationList = E3DD0098280FFDB600FD3AAB /* Build configuration list for PBXProject "MainApp" */;
			compatibilityVersion = "Xcode 13.0";
			developmentRegion = en;
			hasScannedForEncodings = 0;
			knownRegions = (
				en,
				Base,
			);
			mainGroup = E3DD0094280FFDB600FD3AAB;
			productRefGroup = E3DD009E280FFDB600FD3AAB /* Products */;
			projectDirPath = "";
			projectRoot = "";
			targets = (
				E3DD009C280FFDB600FD3AAB /* MainApp */,
				E3DD00B2280FFDBE00FD3AAB /* MainAppTests */,
				E3DD00BC280FFDBE00FD3AAB /* MainAppUITests */,
			);
		};
/* End PBXProject section */

/* Begin PBXResourcesBuildPhase section */
		E3DD009B280FFDB600FD3AAB /* Resources */ = {
			isa = PBXResourcesBuildPhase;
			buildActionMask = 2147483647;
			files = (
				E3DD00AD280FFDBE00FD3AAB /* LaunchScreen.storyboard in Resources */,
				E3DD00AA280FFDBE00FD3AAB /* Assets.xcassets in Resources */,
				E3DD00A8280FFDB600FD3AAB /* Main.storyboard in Resources */,
				E3DD058D281106E400FD3AAB /* Characters.xcassets in Resources */,
			);
			runOnlyForDeploymentPostprocessing = 0;
		};
		E3DD00B1280FFDBE00FD3AAB /* Resources */ = {
			isa = PBXResourcesBuildPhase;
			buildActionMask = 2147483647;
			files = (
			);
			runOnlyForDeploymentPostprocessing = 0;
		};
		E3DD00BB280FFDBE00FD3AAB /* Resources */ = {
			isa = PBXResourcesBuildPhase;
			buildActionMask = 2147483647;
			files = (
			);
			runOnlyForDeploymentPostprocessing = 0;
		};
/* End PBXResourcesBuildPhase section */

/* Begin PBXShellScriptBuildPhase section */
		10BF9BAAEC754A32CECEF7D1 /* [CP] Check Pods Manifest.lock */ = {
			isa = PBXShellScriptBuildPhase;
			buildActionMask = 2147483647;
			files = (
			);
			inputFileListPaths = (
			);
			inputPaths = (
				"${PODS_PODFILE_DIR_PATH}/Podfile.lock",
				"${PODS_ROOT}/Manifest.lock",
			);
			name = "[CP] Check Pods Manifest.lock";
			outputFileListPaths = (
			);
			outputPaths = (
				"$(DERIVED_FILE_DIR)/Pods-MainApp-checkManifestLockResult.txt",
			);
			runOnlyForDeploymentPostprocessing = 0;
			shellPath = /bin/sh;
			shellScript = "diff \"${PODS_PODFILE_DIR_PATH}/Podfile.lock\" \"${PODS_ROOT}/Manifest.lock\" > /dev/null\nif [ $? != 0 ] ; then\n    # print error to STDERR\n    echo \"error: The sandbox is not in sync with the Podfile.lock. Run 'pod install' or update your CocoaPods installation.\" >&2\n    exit 1\nfi\n# This output is used by Xcode 'outputs' to avoid re-running this script phase.\necho \"SUCCESS\" > \"${SCRIPT_OUTPUT_FILE_0}\"\n";
			showEnvVarsInLog = 0;
		};
		4DCE7B1C3EE855B30CF86BE3 /* [CP] Check Pods Manifest.lock */ = {
			isa = PBXShellScriptBuildPhase;
			buildActionMask = 2147483647;
			files = (
			);
			inputFileListPaths = (
			);
			inputPaths = (
				"${PODS_PODFILE_DIR_PATH}/Podfile.lock",
				"${PODS_ROOT}/Manifest.lock",
			);
			name = "[CP] Check Pods Manifest.lock";
			outputFileListPaths = (
			);
			outputPaths = (
				"$(DERIVED_FILE_DIR)/Pods-MainAppTests-checkManifestLockResult.txt",
			);
			runOnlyForDeploymentPostprocessing = 0;
			shellPath = /bin/sh;
			shellScript = "diff \"${PODS_PODFILE_DIR_PATH}/Podfile.lock\" \"${PODS_ROOT}/Manifest.lock\" > /dev/null\nif [ $? != 0 ] ; then\n    # print error to STDERR\n    echo \"error: The sandbox is not in sync with the Podfile.lock. Run 'pod install' or update your CocoaPods installation.\" >&2\n    exit 1\nfi\n# This output is used by Xcode 'outputs' to avoid re-running this script phase.\necho \"SUCCESS\" > \"${SCRIPT_OUTPUT_FILE_0}\"\n";
			showEnvVarsInLog = 0;
		};
		C4F7F81EE2DC43578BACBECD /* [CP] Check Pods Manifest.lock */ = {
			isa = PBXShellScriptBuildPhase;
			buildActionMask = 2147483647;
			files = (
			);
			inputFileListPaths = (
			);
			inputPaths = (
				"${PODS_PODFILE_DIR_PATH}/Podfile.lock",
				"${PODS_ROOT}/Manifest.lock",
			);
			name = "[CP] Check Pods Manifest.lock";
			outputFileListPaths = (
			);
			outputPaths = (
				"$(DERIVED_FILE_DIR)/Pods-MainApp-MainAppUITests-checkManifestLockResult.txt",
			);
			runOnlyForDeploymentPostprocessing = 0;
			shellPath = /bin/sh;
			shellScript = "diff \"${PODS_PODFILE_DIR_PATH}/Podfile.lock\" \"${PODS_ROOT}/Manifest.lock\" > /dev/null\nif [ $? != 0 ] ; then\n    # print error to STDERR\n    echo \"error: The sandbox is not in sync with the Podfile.lock. Run 'pod install' or update your CocoaPods installation.\" >&2\n    exit 1\nfi\n# This output is used by Xcode 'outputs' to avoid re-running this script phase.\necho \"SUCCESS\" > \"${SCRIPT_OUTPUT_FILE_0}\"\n";
			showEnvVarsInLog = 0;
		};
		CC1CA5D3E7063A42657D332A /* [CP] Embed Pods Frameworks */ = {
			isa = PBXShellScriptBuildPhase;
			buildActionMask = 2147483647;
			files = (
			);
			inputFileListPaths = (
				"${PODS_ROOT}/Target Support Files/Pods-MainApp/Pods-MainApp-frameworks-${CONFIGURATION}-input-files.xcfilelist",
			);
			name = "[CP] Embed Pods Frameworks";
			outputFileListPaths = (
				"${PODS_ROOT}/Target Support Files/Pods-MainApp/Pods-MainApp-frameworks-${CONFIGURATION}-output-files.xcfilelist",
			);
			runOnlyForDeploymentPostprocessing = 0;
			shellPath = /bin/sh;
			shellScript = "\"${PODS_ROOT}/Target Support Files/Pods-MainApp/Pods-MainApp-frameworks.sh\"\n";
			showEnvVarsInLog = 0;
		};
		E8943D67A196B6FDC3D9FFFA /* [CP] Embed Pods Frameworks */ = {
			isa = PBXShellScriptBuildPhase;
			buildActionMask = 2147483647;
			files = (
			);
			inputFileListPaths = (
				"${PODS_ROOT}/Target Support Files/Pods-MainApp-MainAppUITests/Pods-MainApp-MainAppUITests-frameworks-${CONFIGURATION}-input-files.xcfilelist",
			);
			name = "[CP] Embed Pods Frameworks";
			outputFileListPaths = (
				"${PODS_ROOT}/Target Support Files/Pods-MainApp-MainAppUITests/Pods-MainApp-MainAppUITests-frameworks-${CONFIGURATION}-output-files.xcfilelist",
			);
			runOnlyForDeploymentPostprocessing = 0;
			shellPath = /bin/sh;
			shellScript = "\"${PODS_ROOT}/Target Support Files/Pods-MainApp-MainAppUITests/Pods-MainApp-MainAppUITests-frameworks.sh\"\n";
			showEnvVarsInLog = 0;
		};
/* End PBXShellScriptBuildPhase section */

/* Begin PBXSourcesBuildPhase section */
		E3DD0099280FFDB600FD3AAB /* Sources */ = {
			isa = PBXSourcesBuildPhase;
			buildActionMask = 2147483647;
			files = (
				E3DD00A5280FFDB600FD3AAB /* LocalViewController.swift in Sources */,
				E3DD00A1280FFDB600FD3AAB /* AppDelegate.swift in Sources */,
				E3DD00A3280FFDB600FD3AAB /* SceneDelegate.swift in Sources */,
				E30F7F8728115E9000951281 /* OnDemandViewController.swift in Sources */,
				E330D6F0281283AB005A60F4 /* ResourceManager.swift in Sources */,
			);
			runOnlyForDeploymentPostprocessing = 0;
		};
		E3DD00AF280FFDBE00FD3AAB /* Sources */ = {
			isa = PBXSourcesBuildPhase;
			buildActionMask = 2147483647;
			files = (
				E3DD00B8280FFDBE00FD3AAB /* MainAppTests.swift in Sources */,
			);
			runOnlyForDeploymentPostprocessing = 0;
		};
		E3DD00B9280FFDBE00FD3AAB /* Sources */ = {
			isa = PBXSourcesBuildPhase;
			buildActionMask = 2147483647;
			files = (
				E3DD00C2280FFDBE00FD3AAB /* MainAppUITests.swift in Sources */,
				E3DD00C4280FFDBE00FD3AAB /* MainAppUITestsLaunchTests.swift in Sources */,
			);
			runOnlyForDeploymentPostprocessing = 0;
		};
/* End PBXSourcesBuildPhase section */

/* Begin PBXTargetDependency section */
		E3DD00B5280FFDBE00FD3AAB /* PBXTargetDependency */ = {
			isa = PBXTargetDependency;
			target = E3DD009C280FFDB600FD3AAB /* MainApp */;
			targetProxy = E3DD00B4280FFDBE00FD3AAB /* PBXContainerItemProxy */;
		};
		E3DD00BF280FFDBE00FD3AAB /* PBXTargetDependency */ = {
			isa = PBXTargetDependency;
			target = E3DD009C280FFDB600FD3AAB /* MainApp */;
			targetProxy = E3DD00BE280FFDBE00FD3AAB /* PBXContainerItemProxy */;
		};
/* End PBXTargetDependency section */

/* Begin PBXVariantGroup section */
		E3DD00A6280FFDB600FD3AAB /* Main.storyboard */ = {
			isa = PBXVariantGroup;
			children = (
				E3DD00A7280FFDB600FD3AAB /* Base */,
			);
			name = Main.storyboard;
			sourceTree = "<group>";
		};
		E3DD00AB280FFDBE00FD3AAB /* LaunchScreen.storyboard */ = {
			isa = PBXVariantGroup;
			children = (
				E3DD00AC280FFDBE00FD3AAB /* Base */,
			);
			name = LaunchScreen.storyboard;
			sourceTree = "<group>";
		};
/* End PBXVariantGroup section */

/* Begin XCBuildConfiguration section */
		E3DD00C5280FFDBE00FD3AAB /* Debug */ = {
			isa = XCBuildConfiguration;
			buildSettings = {
				ALWAYS_SEARCH_USER_PATHS = NO;
				CLANG_ANALYZER_NONNULL = YES;
				CLANG_ANALYZER_NUMBER_OBJECT_CONVERSION = YES_AGGRESSIVE;
				CLANG_CXX_LANGUAGE_STANDARD = "gnu++17";
				CLANG_CXX_LIBRARY = "libc++";
				CLANG_ENABLE_MODULES = YES;
				CLANG_ENABLE_OBJC_ARC = YES;
				CLANG_ENABLE_OBJC_WEAK = YES;
				CLANG_WARN_BLOCK_CAPTURE_AUTORELEASING = YES;
				CLANG_WARN_BOOL_CONVERSION = YES;
				CLANG_WARN_COMMA = YES;
				CLANG_WARN_CONSTANT_CONVERSION = YES;
				CLANG_WARN_DEPRECATED_OBJC_IMPLEMENTATIONS = YES;
				CLANG_WARN_DIRECT_OBJC_ISA_USAGE = YES_ERROR;
				CLANG_WARN_DOCUMENTATION_COMMENTS = YES;
				CLANG_WARN_EMPTY_BODY = YES;
				CLANG_WARN_ENUM_CONVERSION = YES;
				CLANG_WARN_INFINITE_RECURSION = YES;
				CLANG_WARN_INT_CONVERSION = YES;
				CLANG_WARN_NON_LITERAL_NULL_CONVERSION = YES;
				CLANG_WARN_OBJC_IMPLICIT_RETAIN_SELF = YES;
				CLANG_WARN_OBJC_LITERAL_CONVERSION = YES;
				CLANG_WARN_OBJC_ROOT_CLASS = YES_ERROR;
				CLANG_WARN_QUOTED_INCLUDE_IN_FRAMEWORK_HEADER = YES;
				CLANG_WARN_RANGE_LOOP_ANALYSIS = YES;
				CLANG_WARN_STRICT_PROTOTYPES = YES;
				CLANG_WARN_SUSPICIOUS_MOVE = YES;
				CLANG_WARN_UNGUARDED_AVAILABILITY = YES_AGGRESSIVE;
				CLANG_WARN_UNREACHABLE_CODE = YES;
				CLANG_WARN__DUPLICATE_METHOD_MATCH = YES;
				COPY_PHASE_STRIP = NO;
				DEBUG_INFORMATION_FORMAT = dwarf;
				ENABLE_STRICT_OBJC_MSGSEND = YES;
				ENABLE_TESTABILITY = YES;
				GCC_C_LANGUAGE_STANDARD = gnu11;
				GCC_DYNAMIC_NO_PIC = NO;
				GCC_NO_COMMON_BLOCKS = YES;
				GCC_OPTIMIZATION_LEVEL = 0;
				GCC_PREPROCESSOR_DEFINITIONS = (
					"DEBUG=1",
					"$(inherited)",
				);
				GCC_WARN_64_TO_32_BIT_CONVERSION = YES;
				GCC_WARN_ABOUT_RETURN_TYPE = YES_ERROR;
				GCC_WARN_UNDECLARED_SELECTOR = YES;
				GCC_WARN_UNINITIALIZED_AUTOS = YES_AGGRESSIVE;
				GCC_WARN_UNUSED_FUNCTION = YES;
				GCC_WARN_UNUSED_VARIABLE = YES;
				IPHONEOS_DEPLOYMENT_TARGET = 15.2;
				MTL_ENABLE_DEBUG_INFO = INCLUDE_SOURCE;
				MTL_FAST_MATH = YES;
				ONLY_ACTIVE_ARCH = YES;
				SDKROOT = iphoneos;
				SWIFT_ACTIVE_COMPILATION_CONDITIONS = DEBUG;
				SWIFT_OPTIMIZATION_LEVEL = "-Onone";
			};
			name = Debug;
		};
		E3DD00C6280FFDBE00FD3AAB /* Release */ = {
			isa = XCBuildConfiguration;
			buildSettings = {
				ALWAYS_SEARCH_USER_PATHS = NO;
				CLANG_ANALYZER_NONNULL = YES;
				CLANG_ANALYZER_NUMBER_OBJECT_CONVERSION = YES_AGGRESSIVE;
				CLANG_CXX_LANGUAGE_STANDARD = "gnu++17";
				CLANG_CXX_LIBRARY = "libc++";
				CLANG_ENABLE_MODULES = YES;
				CLANG_ENABLE_OBJC_ARC = YES;
				CLANG_ENABLE_OBJC_WEAK = YES;
				CLANG_WARN_BLOCK_CAPTURE_AUTORELEASING = YES;
				CLANG_WARN_BOOL_CONVERSION = YES;
				CLANG_WARN_COMMA = YES;
				CLANG_WARN_CONSTANT_CONVERSION = YES;
				CLANG_WARN_DEPRECATED_OBJC_IMPLEMENTATIONS = YES;
				CLANG_WARN_DIRECT_OBJC_ISA_USAGE = YES_ERROR;
				CLANG_WARN_DOCUMENTATION_COMMENTS = YES;
				CLANG_WARN_EMPTY_BODY = YES;
				CLANG_WARN_ENUM_CONVERSION = YES;
				CLANG_WARN_INFINITE_RECURSION = YES;
				CLANG_WARN_INT_CONVERSION = YES;
				CLANG_WARN_NON_LITERAL_NULL_CONVERSION = YES;
				CLANG_WARN_OBJC_IMPLICIT_RETAIN_SELF = YES;
				CLANG_WARN_OBJC_LITERAL_CONVERSION = YES;
				CLANG_WARN_OBJC_ROOT_CLASS = YES_ERROR;
				CLANG_WARN_QUOTED_INCLUDE_IN_FRAMEWORK_HEADER = YES;
				CLANG_WARN_RANGE_LOOP_ANALYSIS = YES;
				CLANG_WARN_STRICT_PROTOTYPES = YES;
				CLANG_WARN_SUSPICIOUS_MOVE = YES;
				CLANG_WARN_UNGUARDED_AVAILABILITY = YES_AGGRESSIVE;
				CLANG_WARN_UNREACHABLE_CODE = YES;
				CLANG_WARN__DUPLICATE_METHOD_MATCH = YES;
				COPY_PHASE_STRIP = NO;
				DEBUG_INFORMATION_FORMAT = "dwarf-with-dsym";
				ENABLE_NS_ASSERTIONS = NO;
				ENABLE_STRICT_OBJC_MSGSEND = YES;
				GCC_C_LANGUAGE_STANDARD = gnu11;
				GCC_NO_COMMON_BLOCKS = YES;
				GCC_WARN_64_TO_32_BIT_CONVERSION = YES;
				GCC_WARN_ABOUT_RETURN_TYPE = YES_ERROR;
				GCC_WARN_UNDECLARED_SELECTOR = YES;
				GCC_WARN_UNINITIALIZED_AUTOS = YES_AGGRESSIVE;
				GCC_WARN_UNUSED_FUNCTION = YES;
				GCC_WARN_UNUSED_VARIABLE = YES;
				IPHONEOS_DEPLOYMENT_TARGET = 15.2;
				MTL_ENABLE_DEBUG_INFO = NO;
				MTL_FAST_MATH = YES;
				SDKROOT = iphoneos;
				SWIFT_COMPILATION_MODE = wholemodule;
				SWIFT_OPTIMIZATION_LEVEL = "-O";
				VALIDATE_PRODUCT = YES;
			};
			name = Release;
		};
		E3DD00C8280FFDBE00FD3AAB /* Debug */ = {
			isa = XCBuildConfiguration;
			baseConfigurationReference = 98C755A738C83B27334989CB /* Pods-MainApp.debug.xcconfig */;
			buildSettings = {
				ASSETCATALOG_COMPILER_APPICON_NAME = AppIcon;
				ASSETCATALOG_COMPILER_GLOBAL_ACCENT_COLOR_NAME = AccentColor;
				CODE_SIGN_STYLE = Automatic;
				CURRENT_PROJECT_VERSION = 1;
				DEVELOPMENT_TEAM = AJ33JCD9J9;
				GENERATE_INFOPLIST_FILE = YES;
				INFOPLIST_FILE = MainApp/Info.plist;
				INFOPLIST_KEY_UIApplicationSupportsIndirectInputEvents = YES;
				INFOPLIST_KEY_UILaunchStoryboardName = LaunchScreen;
				INFOPLIST_KEY_UIMainStoryboardFile = Main;
				INFOPLIST_KEY_UISupportedInterfaceOrientations_iPad = "UIInterfaceOrientationPortrait UIInterfaceOrientationPortraitUpsideDown UIInterfaceOrientationLandscapeLeft UIInterfaceOrientationLandscapeRight";
				INFOPLIST_KEY_UISupportedInterfaceOrientations_iPhone = "UIInterfaceOrientationPortrait UIInterfaceOrientationLandscapeLeft UIInterfaceOrientationLandscapeRight";
				LD_RUNPATH_SEARCH_PATHS = (
					"$(inherited)",
					"@executable_path/Frameworks",
				);
				MARKETING_VERSION = 1.0;
				PRODUCT_BUNDLE_IDENTIFIER = com.vina.MainApp;
				PRODUCT_NAME = "$(TARGET_NAME)";
				SWIFT_EMIT_LOC_STRINGS = YES;
				SWIFT_VERSION = 5.0;
				TARGETED_DEVICE_FAMILY = "1,2";
			};
			name = Debug;
		};
		E3DD00C9280FFDBE00FD3AAB /* Release */ = {
			isa = XCBuildConfiguration;
			baseConfigurationReference = 0BD5371D72456B9D528B2EC8 /* Pods-MainApp.release.xcconfig */;
			buildSettings = {
				ASSETCATALOG_COMPILER_APPICON_NAME = AppIcon;
				ASSETCATALOG_COMPILER_GLOBAL_ACCENT_COLOR_NAME = AccentColor;
				CODE_SIGN_STYLE = Automatic;
				CURRENT_PROJECT_VERSION = 1;
				DEVELOPMENT_TEAM = AJ33JCD9J9;
				GENERATE_INFOPLIST_FILE = YES;
				INFOPLIST_FILE = MainApp/Info.plist;
				INFOPLIST_KEY_UIApplicationSupportsIndirectInputEvents = YES;
				INFOPLIST_KEY_UILaunchStoryboardName = LaunchScreen;
				INFOPLIST_KEY_UIMainStoryboardFile = Main;
				INFOPLIST_KEY_UISupportedInterfaceOrientations_iPad = "UIInterfaceOrientationPortrait UIInterfaceOrientationPortraitUpsideDown UIInterfaceOrientationLandscapeLeft UIInterfaceOrientationLandscapeRight";
				INFOPLIST_KEY_UISupportedInterfaceOrientations_iPhone = "UIInterfaceOrientationPortrait UIInterfaceOrientationLandscapeLeft UIInterfaceOrientationLandscapeRight";
				LD_RUNPATH_SEARCH_PATHS = (
					"$(inherited)",
					"@executable_path/Frameworks",
				);
				MARKETING_VERSION = 1.0;
				PRODUCT_BUNDLE_IDENTIFIER = com.vina.MainApp;
				PRODUCT_NAME = "$(TARGET_NAME)";
				SWIFT_EMIT_LOC_STRINGS = YES;
				SWIFT_VERSION = 5.0;
				TARGETED_DEVICE_FAMILY = "1,2";
			};
			name = Release;
		};
		E3DD00CB280FFDBE00FD3AAB /* Debug */ = {
			isa = XCBuildConfiguration;
			baseConfigurationReference = C0C94792A859C4567684565B /* Pods-MainAppTests.debug.xcconfig */;
			buildSettings = {
				ALWAYS_EMBED_SWIFT_STANDARD_LIBRARIES = YES;
				BUNDLE_LOADER = "$(TEST_HOST)";
				CODE_SIGN_STYLE = Automatic;
				CURRENT_PROJECT_VERSION = 1;
				DEVELOPMENT_TEAM = AJ33JCD9J9;
				GENERATE_INFOPLIST_FILE = YES;
				IPHONEOS_DEPLOYMENT_TARGET = 15.2;
				MARKETING_VERSION = 1.0;
				PRODUCT_BUNDLE_IDENTIFIER = com.vina.MainAppTests;
				PRODUCT_NAME = "$(TARGET_NAME)";
				SWIFT_EMIT_LOC_STRINGS = NO;
				SWIFT_VERSION = 5.0;
				TARGETED_DEVICE_FAMILY = "1,2";
				TEST_HOST = "$(BUILT_PRODUCTS_DIR)/MainApp.app/MainApp";
			};
			name = Debug;
		};
		E3DD00CC280FFDBE00FD3AAB /* Release */ = {
			isa = XCBuildConfiguration;
			baseConfigurationReference = 44A0B39D6DB4CE9E5EFA0D69 /* Pods-MainAppTests.release.xcconfig */;
			buildSettings = {
				ALWAYS_EMBED_SWIFT_STANDARD_LIBRARIES = YES;
				BUNDLE_LOADER = "$(TEST_HOST)";
				CODE_SIGN_STYLE = Automatic;
				CURRENT_PROJECT_VERSION = 1;
				DEVELOPMENT_TEAM = AJ33JCD9J9;
				GENERATE_INFOPLIST_FILE = YES;
				IPHONEOS_DEPLOYMENT_TARGET = 15.2;
				MARKETING_VERSION = 1.0;
				PRODUCT_BUNDLE_IDENTIFIER = com.vina.MainAppTests;
				PRODUCT_NAME = "$(TARGET_NAME)";
				SWIFT_EMIT_LOC_STRINGS = NO;
				SWIFT_VERSION = 5.0;
				TARGETED_DEVICE_FAMILY = "1,2";
				TEST_HOST = "$(BUILT_PRODUCTS_DIR)/MainApp.app/MainApp";
			};
			name = Release;
		};
		E3DD00CE280FFDBE00FD3AAB /* Debug */ = {
			isa = XCBuildConfiguration;
			baseConfigurationReference = 8835D91F32577546D20A91CE /* Pods-MainApp-MainAppUITests.debug.xcconfig */;
			buildSettings = {
				ALWAYS_EMBED_SWIFT_STANDARD_LIBRARIES = YES;
				CODE_SIGN_STYLE = Automatic;
				CURRENT_PROJECT_VERSION = 1;
				DEVELOPMENT_TEAM = AJ33JCD9J9;
				GENERATE_INFOPLIST_FILE = YES;
				MARKETING_VERSION = 1.0;
				PRODUCT_BUNDLE_IDENTIFIER = com.vina.MainAppUITests;
				PRODUCT_NAME = "$(TARGET_NAME)";
				SWIFT_EMIT_LOC_STRINGS = NO;
				SWIFT_VERSION = 5.0;
				TARGETED_DEVICE_FAMILY = "1,2";
				TEST_TARGET_NAME = MainApp;
			};
			name = Debug;
		};
		E3DD00CF280FFDBE00FD3AAB /* Release */ = {
			isa = XCBuildConfiguration;
			baseConfigurationReference = 7452B1138154BD4F76CCE05C /* Pods-MainApp-MainAppUITests.release.xcconfig */;
			buildSettings = {
				ALWAYS_EMBED_SWIFT_STANDARD_LIBRARIES = YES;
				CODE_SIGN_STYLE = Automatic;
				CURRENT_PROJECT_VERSION = 1;
				DEVELOPMENT_TEAM = AJ33JCD9J9;
				GENERATE_INFOPLIST_FILE = YES;
				MARKETING_VERSION = 1.0;
				PRODUCT_BUNDLE_IDENTIFIER = com.vina.MainAppUITests;
				PRODUCT_NAME = "$(TARGET_NAME)";
				SWIFT_EMIT_LOC_STRINGS = NO;
				SWIFT_VERSION = 5.0;
				TARGETED_DEVICE_FAMILY = "1,2";
				TEST_TARGET_NAME = MainApp;
			};
			name = Release;
		};
/* End XCBuildConfiguration section */

/* Begin XCConfigurationList section */
		E3DD0098280FFDB600FD3AAB /* Build configuration list for PBXProject "MainApp" */ = {
			isa = XCConfigurationList;
			buildConfigurations = (
				E3DD00C5280FFDBE00FD3AAB /* Debug */,
				E3DD00C6280FFDBE00FD3AAB /* Release */,
			);
			defaultConfigurationIsVisible = 0;
			defaultConfigurationName = Release;
		};
		E3DD00C7280FFDBE00FD3AAB /* Build configuration list for PBXNativeTarget "MainApp" */ = {
			isa = XCConfigurationList;
			buildConfigurations = (
				E3DD00C8280FFDBE00FD3AAB /* Debug */,
				E3DD00C9280FFDBE00FD3AAB /* Release */,
			);
			defaultConfigurationIsVisible = 0;
			defaultConfigurationName = Release;
		};
		E3DD00CA280FFDBE00FD3AAB /* Build configuration list for PBXNativeTarget "MainAppTests" */ = {
			isa = XCConfigurationList;
			buildConfigurations = (
				E3DD00CB280FFDBE00FD3AAB /* Debug */,
				E3DD00CC280FFDBE00FD3AAB /* Release */,
			);
			defaultConfigurationIsVisible = 0;
			defaultConfigurationName = Release;
		};
		E3DD00CD280FFDBE00FD3AAB /* Build configuration list for PBXNativeTarget "MainAppUITests" */ = {
			isa = XCConfigurationList;
			buildConfigurations = (
				E3DD00CE280FFDBE00FD3AAB /* Debug */,
				E3DD00CF280FFDBE00FD3AAB /* Release */,
			);
			defaultConfigurationIsVisible = 0;
			defaultConfigurationName = Release;
		};
/* End XCConfigurationList section */
	};
	rootObject = E3DD0095280FFDB600FD3AAB /* Project object */;
}
